
Microsoft Visual Studio Solution File, Format Version 12.00
# Visual Studio Version 17
VisualStudioVersion = 17.10.34804.81
MinimumVisualStudioVersion = 10.0.40219.1
Project("{FAE04EC0-301F-11D3-BF4B-00C04F79EFBC}") = "E2E.Api", "E2E.Api\E2E.Api.csproj", "{214F8B0A-3EEC-4B45-875C-3BBA1F91BB47}"
EndProject
Project("{FAE04EC0-301F-11D3-BF4B-00C04F79EFBC}") = "E2E.Tests.Integration", "E2E.Tests.Integration\E2E.Tests.Integration.csproj", "{A01F5F36-C988-49B3-B7BC-9F5E08ABBE91}"
EndProject
Global
	GlobalSection(SolutionConfigurationPlatforms) = preSolution
		Debug|Any CPU = Debug|Any CPU
		Release|Any CPU = Release|Any CPU
	EndGlobalSection
	GlobalSection(ProjectConfigurationPlatforms) = postSolution
		{214F8B0A-3EEC-4B45-875C-3BBA1F91BB47}.Debug|Any CPU.ActiveCfg = Debug|Any CPU
		{214F8B0A-3EEC-4B45-875C-3BBA1F91BB47}.Debug|Any CPU.Build.0 = Debug|Any CPU
		{214F8B0A-3EEC-4B45-875C-3BBA1F91BB47}.Release|Any CPU.ActiveCfg = Release|Any CPU
		{214F8B0A-3EEC-4B45-875C-3BBA1F91BB47}.Release|Any CPU.Build.0 = Release|Any CPU
		{A01F5F36-C988-49B3-B7BC-9F5E08ABBE91}.Debug|Any CPU.ActiveCfg = Debug|Any CPU
		{A01F5F36-C988-49B3-B7BC-9F5E08ABBE91}.Debug|Any CPU.Build.0 = Debug|Any CPU
		{A01F5F36-C988-49B3-B7BC-9F5E08ABBE91}.Release|Any CPU.ActiveCfg = Release|Any CPU
		{A01F5F36-C988-49B3-B7BC-9F5E08ABBE91}.Release|Any CPU.Build.0 = Release|Any CPU
	EndGlobalSection
	GlobalSection(SolutionProperties) = preSolution
		HideSolutionNode = FALSE
	EndGlobalSection
	GlobalSection(ExtensibilityGlobals) = postSolution
		SolutionGuid = {679C335F-6FF6-419B-B161-2B1CABA1CF48}
	EndGlobalSection
EndGlobal
